// !$*UTF8*$!
{
	archiveVersion = 1;
	classes = {
	};
	objectVersion = 46;
	objects = {

/* Begin PBXBuildFile section */
		9B4284A21979684C00CF2B8D /* Cocoa.framework in Frameworks */ = {isa = PBXBuildFile; fileRef = 9B4284A11979684C00CF2B8D /* Cocoa.framework */; };
		9B4284AC1979684C00CF2B8D /* InfoPlist.strings in Resources */ = {isa = PBXBuildFile; fileRef = 9B4284AA1979684C00CF2B8D /* InfoPlist.strings */; };
		9B4284AE1979684C00CF2B8D /* main.m in Sources */ = {isa = PBXBuildFile; fileRef = 9B4284AD1979684C00CF2B8D /* main.m */; };
		9B4284B21979684C00CF2B8D /* Credits.rtf in Resources */ = {isa = PBXBuildFile; fileRef = 9B4284B01979684C00CF2B8D /* Credits.rtf */; };
		9B4284B81979684C00CF2B8D /* MainMenu.xib in Resources */ = {isa = PBXBuildFile; fileRef = 9B4284B61979684C00CF2B8D /* MainMenu.xib */; };
		9B4284BA1979684C00CF2B8D /* Images.xcassets in Resources */ = {isa = PBXBuildFile; fileRef = 9B4284B91979684C00CF2B8D /* Images.xcassets */; };
		9B4284C11979684C00CF2B8D /* XCTest.framework in Frameworks */ = {isa = PBXBuildFile; fileRef = 9B4284C01979684C00CF2B8D /* XCTest.framework */; };
		9B4284C21979684C00CF2B8D /* Cocoa.framework in Frameworks */ = {isa = PBXBuildFile; fileRef = 9B4284A11979684C00CF2B8D /* Cocoa.framework */; };
		9B4284CA1979684C00CF2B8D /* InfoPlist.strings in Resources */ = {isa = PBXBuildFile; fileRef = 9B4284C81979684C00CF2B8D /* InfoPlist.strings */; };
		9B4284CC1979684C00CF2B8D /* ElectricFussballTests.m in Sources */ = {isa = PBXBuildFile; fileRef = 9B4284CB1979684C00CF2B8D /* ElectricFussballTests.m */; };
		9B4285201979686E00CF2B8D /* SRWebSocket.m in Sources */ = {isa = PBXBuildFile; fileRef = 9B4284E41979686E00CF2B8D /* SRWebSocket.m */; };
		9B428575197979CC00CF2B8D /* EFBWebsocketDriver.m in Sources */ = {isa = PBXBuildFile; fileRef = 9B42856C197979CC00CF2B8D /* EFBWebsocketDriver.m */; };
		9B428577197979CC00CF2B8D /* EFBGame.m in Sources */ = {isa = PBXBuildFile; fileRef = 9B428571197979CC00CF2B8D /* EFBGame.m */; };
		9B428587197BDAC000CF2B8D /* AppDelegate.m in Sources */ = {isa = PBXBuildFile; fileRef = 9B42857B197BDAC000CF2B8D /* AppDelegate.m */; };
		9B428588197BDAC000CF2B8D /* ViewController.m in Sources */ = {isa = PBXBuildFile; fileRef = 9B42857D197BDAC000CF2B8D /* ViewController.m */; };
		9B428589197BDAC000CF2B8D /* EFBiOSGameView.m in Sources */ = {isa = PBXBuildFile; fileRef = 9B428580197BDAC000CF2B8D /* EFBiOSGameView.m */; };
		9B42858A197BDAC000CF2B8D /* EFBiOSScoreView.m in Sources */ = {isa = PBXBuildFile; fileRef = 9B428582197BDAC000CF2B8D /* EFBiOSScoreView.m */; };
		9B42858B197BDAC000CF2B8D /* EFBiOSTeamView.m in Sources */ = {isa = PBXBuildFile; fileRef = 9B428584197BDAC000CF2B8D /* EFBiOSTeamView.m */; };
		9B42858C197BDAC000CF2B8D /* EFBiOSUserView.m in Sources */ = {isa = PBXBuildFile; fileRef = 9B428586197BDAC000CF2B8D /* EFBiOSUserView.m */; };
		9B42858F197BDAE000CF2B8D /* EFBImageDataSource.m in Sources */ = {isa = PBXBuildFile; fileRef = 9B42858E197BDAE000CF2B8D /* EFBImageDataSource.m */; };
		9B428590197BDAE000CF2B8D /* EFBImageDataSource.m in Sources */ = {isa = PBXBuildFile; fileRef = 9B42858E197BDAE000CF2B8D /* EFBImageDataSource.m */; };
		9B428591197BDD2A00CF2B8D /* EFBDataService.m in Sources */ = {isa = PBXBuildFile; fileRef = A5A7A1F3197A5E03002C0A60 /* EFBDataService.m */; };
		9B428592197BDD2F00CF2B8D /* EFBWebsocketDriver.m in Sources */ = {isa = PBXBuildFile; fileRef = 9B42856C197979CC00CF2B8D /* EFBWebsocketDriver.m */; };
		9B428593197BDDFD00CF2B8D /* SRWebSocket.m in Sources */ = {isa = PBXBuildFile; fileRef = 9B4284E41979686E00CF2B8D /* SRWebSocket.m */; };
		9B428594197BDE9100CF2B8D /* EFBGame.m in Sources */ = {isa = PBXBuildFile; fileRef = 9B428571197979CC00CF2B8D /* EFBGame.m */; };
		9B428596197BDEAF00CF2B8D /* libicucore.dylib in Frameworks */ = {isa = PBXBuildFile; fileRef = 9B428595197BDEAF00CF2B8D /* libicucore.dylib */; };
		9B428599197BEA2200CF2B8D /* EFBColor.m in Sources */ = {isa = PBXBuildFile; fileRef = 9B428598197BEA2200CF2B8D /* EFBColor.m */; };
		9B42859B197BEF5400CF2B8D /* Images.xcassets in Resources */ = {isa = PBXBuildFile; fileRef = 9B42859A197BEF5400CF2B8D /* Images.xcassets */; };
		9B42859E197C02E800CF2B8D /* EFBEditUserViewController.m in Sources */ = {isa = PBXBuildFile; fileRef = 9B42859D197C02E800CF2B8D /* EFBEditUserViewController.m */; };
		9BE485F5197D64AF009E2BAE /* NSDictionary+QueryString.m in Sources */ = {isa = PBXBuildFile; fileRef = 9BE485CE197D64AF009E2BAE /* NSDictionary+QueryString.m */; };
		9BE485F6197D64AF009E2BAE /* NSDictionary+QueryString.m in Sources */ = {isa = PBXBuildFile; fileRef = 9BE485CE197D64AF009E2BAE /* NSDictionary+QueryString.m */; };
		9BE485F7197D64AF009E2BAE /* NSString+Hashing.m in Sources */ = {isa = PBXBuildFile; fileRef = 9BE485CF197D64AF009E2BAE /* NSString+Hashing.m */; };
		9BE485F8197D64AF009E2BAE /* NSString+Hashing.m in Sources */ = {isa = PBXBuildFile; fileRef = 9BE485CF197D64AF009E2BAE /* NSString+Hashing.m */; };
		9BE485F9197D64AF009E2BAE /* PTBlockEventListener.m in Sources */ = {isa = PBXBuildFile; fileRef = 9BE485D9197D64AF009E2BAE /* PTBlockEventListener.m */; };
		9BE485FA197D64AF009E2BAE /* PTBlockEventListener.m in Sources */ = {isa = PBXBuildFile; fileRef = 9BE485D9197D64AF009E2BAE /* PTBlockEventListener.m */; };
		9BE485FB197D64AF009E2BAE /* PTJSON.m in Sources */ = {isa = PBXBuildFile; fileRef = 9BE485DB197D64AF009E2BAE /* PTJSON.m */; };
		9BE485FC197D64AF009E2BAE /* PTJSON.m in Sources */ = {isa = PBXBuildFile; fileRef = 9BE485DB197D64AF009E2BAE /* PTJSON.m */; };
		9BE485FD197D64AF009E2BAE /* PTPusher+Testing.m in Sources */ = {isa = PBXBuildFile; fileRef = 9BE485DD197D64AF009E2BAE /* PTPusher+Testing.m */; };
		9BE485FE197D64AF009E2BAE /* PTPusher+Testing.m in Sources */ = {isa = PBXBuildFile; fileRef = 9BE485DD197D64AF009E2BAE /* PTPusher+Testing.m */; };
		9BE485FF197D64AF009E2BAE /* PTPusher.m in Sources */ = {isa = PBXBuildFile; fileRef = 9BE485DF197D64AF009E2BAE /* PTPusher.m */; };
		9BE48600197D64AF009E2BAE /* PTPusher.m in Sources */ = {isa = PBXBuildFile; fileRef = 9BE485DF197D64AF009E2BAE /* PTPusher.m */; };
		9BE48601197D64AF009E2BAE /* PTPusherAPI.m in Sources */ = {isa = PBXBuildFile; fileRef = 9BE485E1197D64AF009E2BAE /* PTPusherAPI.m */; };
		9BE48602197D64AF009E2BAE /* PTPusherAPI.m in Sources */ = {isa = PBXBuildFile; fileRef = 9BE485E1197D64AF009E2BAE /* PTPusherAPI.m */; };
		9BE48603197D64AF009E2BAE /* PTPusherChannel.m in Sources */ = {isa = PBXBuildFile; fileRef = 9BE485E3197D64AF009E2BAE /* PTPusherChannel.m */; };
		9BE48604197D64AF009E2BAE /* PTPusherChannel.m in Sources */ = {isa = PBXBuildFile; fileRef = 9BE485E3197D64AF009E2BAE /* PTPusherChannel.m */; };
		9BE48605197D64AF009E2BAE /* PTPusherChannelAuthorizationOperation.m in Sources */ = {isa = PBXBuildFile; fileRef = 9BE485E4197D64AF009E2BAE /* PTPusherChannelAuthorizationOperation.m */; };
		9BE48606197D64AF009E2BAE /* PTPusherChannelAuthorizationOperation.m in Sources */ = {isa = PBXBuildFile; fileRef = 9BE485E4197D64AF009E2BAE /* PTPusherChannelAuthorizationOperation.m */; };
		9BE48607197D64AF009E2BAE /* PTPusherConnection.m in Sources */ = {isa = PBXBuildFile; fileRef = 9BE485E6197D64AF009E2BAE /* PTPusherConnection.m */; };
		9BE48608197D64AF009E2BAE /* PTPusherConnection.m in Sources */ = {isa = PBXBuildFile; fileRef = 9BE485E6197D64AF009E2BAE /* PTPusherConnection.m */; };
		9BE48609197D64AF009E2BAE /* PTPusherEvent.m in Sources */ = {isa = PBXBuildFile; fileRef = 9BE485EA197D64AF009E2BAE /* PTPusherEvent.m */; };
		9BE4860A197D64AF009E2BAE /* PTPusherEvent.m in Sources */ = {isa = PBXBuildFile; fileRef = 9BE485EA197D64AF009E2BAE /* PTPusherEvent.m */; };
		9BE4860B197D64AF009E2BAE /* PTPusherEventDispatcher.m in Sources */ = {isa = PBXBuildFile; fileRef = 9BE485EC197D64AF009E2BAE /* PTPusherEventDispatcher.m */; };
		9BE4860C197D64AF009E2BAE /* PTPusherEventDispatcher.m in Sources */ = {isa = PBXBuildFile; fileRef = 9BE485EC197D64AF009E2BAE /* PTPusherEventDispatcher.m */; };
		9BE4860D197D64AF009E2BAE /* PTPusherMockConnection.m in Sources */ = {isa = PBXBuildFile; fileRef = 9BE485F0197D64AF009E2BAE /* PTPusherMockConnection.m */; };
		9BE4860E197D64AF009E2BAE /* PTPusherMockConnection.m in Sources */ = {isa = PBXBuildFile; fileRef = 9BE485F0197D64AF009E2BAE /* PTPusherMockConnection.m */; };
		9BE4860F197D64AF009E2BAE /* PTTargetActionEventListener.m in Sources */ = {isa = PBXBuildFile; fileRef = 9BE485F2197D64AF009E2BAE /* PTTargetActionEventListener.m */; };
		9BE48610197D64AF009E2BAE /* PTTargetActionEventListener.m in Sources */ = {isa = PBXBuildFile; fileRef = 9BE485F2197D64AF009E2BAE /* PTTargetActionEventListener.m */; };
		9BE48611197D64AF009E2BAE /* PTURLRequestOperation.m in Sources */ = {isa = PBXBuildFile; fileRef = 9BE485F3197D64AF009E2BAE /* PTURLRequestOperation.m */; };
		9BE48612197D64AF009E2BAE /* PTURLRequestOperation.m in Sources */ = {isa = PBXBuildFile; fileRef = 9BE485F3197D64AF009E2BAE /* PTURLRequestOperation.m */; };
		A5A7A1F4197A5E03002C0A60 /* EFBDataService.m in Sources */ = {isa = PBXBuildFile; fileRef = A5A7A1F3197A5E03002C0A60 /* EFBDataService.m */; };
		A5A7A1FF197A6B79002C0A60 /* EFBAppDelegate.m in Sources */ = {isa = PBXBuildFile; fileRef = A5A7A1FB197A6B79002C0A60 /* EFBAppDelegate.m */; };
		A5A7A200197A6B79002C0A60 /* EFBGameViewController.m in Sources */ = {isa = PBXBuildFile; fileRef = A5A7A1FD197A6B79002C0A60 /* EFBGameViewController.m */; };
		A5A7A203197A6BA3002C0A60 /* EFBTeamView.m in Sources */ = {isa = PBXBuildFile; fileRef = A5A7A202197A6BA3002C0A60 /* EFBTeamView.m */; };
		A5A7A206197A6D19002C0A60 /* EFBUserView.m in Sources */ = {isa = PBXBuildFile; fileRef = A5A7A205197A6D19002C0A60 /* EFBUserView.m */; };
		A5A7A209197A6FC3002C0A60 /* EFBGameView.m in Sources */ = {isa = PBXBuildFile; fileRef = A5A7A208197A6FC3002C0A60 /* EFBGameView.m */; };
		A5A7A20C197A76E2002C0A60 /* EFBLabel.m in Sources */ = {isa = PBXBuildFile; fileRef = A5A7A20B197A76E2002C0A60 /* EFBLabel.m */; };
		A5A7A252197A7B99002C0A60 /* main.m in Sources */ = {isa = PBXBuildFile; fileRef = A5A7A251197A7B99002C0A60 /* main.m */; };
		A5A7A25B197A7B99002C0A60 /* Main.storyboard in Resources */ = {isa = PBXBuildFile; fileRef = A5A7A259197A7B99002C0A60 /* Main.storyboard */; };
		A5A7A269197A7B99002C0A60 /* ElectricFussballAppTests.m in Sources */ = {isa = PBXBuildFile; fileRef = A5A7A268197A7B99002C0A60 /* ElectricFussballAppTests.m */; };
/* End PBXBuildFile section */

/* Begin PBXContainerItemProxy section */
		9B4284C31979684C00CF2B8D /* PBXContainerItemProxy */ = {
			isa = PBXContainerItemProxy;
			containerPortal = 9B4284961979684C00CF2B8D /* Project object */;
			proxyType = 1;
			remoteGlobalIDString = 9B42849D1979684C00CF2B8D;
			remoteInfo = ElectricFussball;
		};
		A5A7A263197A7B99002C0A60 /* PBXContainerItemProxy */ = {
			isa = PBXContainerItemProxy;
			containerPortal = 9B4284961979684C00CF2B8D /* Project object */;
			proxyType = 1;
			remoteGlobalIDString = A5A7A24C197A7B98002C0A60;
			remoteInfo = ElectricFussballApp;
		};
		A5A7A270197A7B9A002C0A60 /* PBXContainerItemProxy */ = {
			isa = PBXContainerItemProxy;
			containerPortal = 9B4284961979684C00CF2B8D /* Project object */;
			proxyType = 1;
			remoteGlobalIDString = A5A7A24C197A7B98002C0A60;
			remoteInfo = ElectricFussballApp;
		};
/* End PBXContainerItemProxy section */

/* Begin PBXFileReference section */
		9B42849E1979684C00CF2B8D /* ElectricFussball.app */ = {isa = PBXFileReference; explicitFileType = wrapper.application; includeInIndex = 0; path = ElectricFussball.app; sourceTree = BUILT_PRODUCTS_DIR; };
		9B4284A11979684C00CF2B8D /* Cocoa.framework */ = {isa = PBXFileReference; lastKnownFileType = wrapper.framework; name = Cocoa.framework; path = System/Library/Frameworks/Cocoa.framework; sourceTree = SDKROOT; };
		9B4284A41979684C00CF2B8D /* AppKit.framework */ = {isa = PBXFileReference; lastKnownFileType = wrapper.framework; name = AppKit.framework; path = System/Library/Frameworks/AppKit.framework; sourceTree = SDKROOT; };
		9B4284A51979684C00CF2B8D /* CoreData.framework */ = {isa = PBXFileReference; lastKnownFileType = wrapper.framework; name = CoreData.framework; path = System/Library/Frameworks/CoreData.framework; sourceTree = SDKROOT; };
		9B4284A61979684C00CF2B8D /* Foundation.framework */ = {isa = PBXFileReference; lastKnownFileType = wrapper.framework; name = Foundation.framework; path = System/Library/Frameworks/Foundation.framework; sourceTree = SDKROOT; };
		9B4284A91979684C00CF2B8D /* ElectricFussball-Info.plist */ = {isa = PBXFileReference; lastKnownFileType = text.plist.xml; path = "ElectricFussball-Info.plist"; sourceTree = "<group>"; };
		9B4284AB1979684C00CF2B8D /* en */ = {isa = PBXFileReference; lastKnownFileType = text.plist.strings; name = en; path = en.lproj/InfoPlist.strings; sourceTree = "<group>"; };
		9B4284AD1979684C00CF2B8D /* main.m */ = {isa = PBXFileReference; lastKnownFileType = sourcecode.c.objc; path = main.m; sourceTree = "<group>"; };
		9B4284AF1979684C00CF2B8D /* ElectricFussball-Prefix.pch */ = {isa = PBXFileReference; lastKnownFileType = sourcecode.c.h; path = "ElectricFussball-Prefix.pch"; sourceTree = "<group>"; };
		9B4284B11979684C00CF2B8D /* en */ = {isa = PBXFileReference; lastKnownFileType = text.rtf; name = en; path = en.lproj/Credits.rtf; sourceTree = "<group>"; };
		9B4284B71979684C00CF2B8D /* Base */ = {isa = PBXFileReference; lastKnownFileType = file.xib; name = Base; path = Base.lproj/MainMenu.xib; sourceTree = "<group>"; };
		9B4284B91979684C00CF2B8D /* Images.xcassets */ = {isa = PBXFileReference; lastKnownFileType = folder.assetcatalog; path = Images.xcassets; sourceTree = "<group>"; };
		9B4284BF1979684C00CF2B8D /* ElectricFussballTests.xctest */ = {isa = PBXFileReference; explicitFileType = wrapper.cfbundle; includeInIndex = 0; path = ElectricFussballTests.xctest; sourceTree = BUILT_PRODUCTS_DIR; };
		9B4284C01979684C00CF2B8D /* XCTest.framework */ = {isa = PBXFileReference; lastKnownFileType = wrapper.framework; name = XCTest.framework; path = Library/Frameworks/XCTest.framework; sourceTree = DEVELOPER_DIR; };
		9B4284C71979684C00CF2B8D /* ElectricFussballTests-Info.plist */ = {isa = PBXFileReference; lastKnownFileType = text.plist.xml; path = "ElectricFussballTests-Info.plist"; sourceTree = "<group>"; };
		9B4284C91979684C00CF2B8D /* en */ = {isa = PBXFileReference; lastKnownFileType = text.plist.strings; name = en; path = en.lproj/InfoPlist.strings; sourceTree = "<group>"; };
		9B4284CB1979684C00CF2B8D /* ElectricFussballTests.m */ = {isa = PBXFileReference; lastKnownFileType = sourcecode.c.objc; path = ElectricFussballTests.m; sourceTree = "<group>"; };
		9B4284E21979686E00CF2B8D /* SocketRocket-Prefix.pch */ = {isa = PBXFileReference; fileEncoding = 4; lastKnownFileType = sourcecode.c.h; path = "SocketRocket-Prefix.pch"; sourceTree = "<group>"; };
		9B4284E31979686E00CF2B8D /* SRWebSocket.h */ = {isa = PBXFileReference; fileEncoding = 4; lastKnownFileType = sourcecode.c.h; path = SRWebSocket.h; sourceTree = "<group>"; };
		9B4284E41979686E00CF2B8D /* SRWebSocket.m */ = {isa = PBXFileReference; fileEncoding = 4; lastKnownFileType = sourcecode.c.objc; path = SRWebSocket.m; sourceTree = "<group>"; };
		9B42856B197979CC00CF2B8D /* EFBWebsocketDriver.h */ = {isa = PBXFileReference; fileEncoding = 4; lastKnownFileType = sourcecode.c.h; path = EFBWebsocketDriver.h; sourceTree = "<group>"; };
		9B42856C197979CC00CF2B8D /* EFBWebsocketDriver.m */ = {isa = PBXFileReference; fileEncoding = 4; lastKnownFileType = sourcecode.c.objc; path = EFBWebsocketDriver.m; sourceTree = "<group>"; };
		9B428570197979CC00CF2B8D /* EFBGame.h */ = {isa = PBXFileReference; fileEncoding = 4; lastKnownFileType = sourcecode.c.h; path = EFBGame.h; sourceTree = "<group>"; };
		9B428571197979CC00CF2B8D /* EFBGame.m */ = {isa = PBXFileReference; fileEncoding = 4; lastKnownFileType = sourcecode.c.objc; path = EFBGame.m; sourceTree = "<group>"; };
		9B42857A197BDAC000CF2B8D /* AppDelegate.h */ = {isa = PBXFileReference; fileEncoding = 4; lastKnownFileType = sourcecode.c.h; path = AppDelegate.h; sourceTree = "<group>"; };
		9B42857B197BDAC000CF2B8D /* AppDelegate.m */ = {isa = PBXFileReference; fileEncoding = 4; lastKnownFileType = sourcecode.c.objc; path = AppDelegate.m; sourceTree = "<group>"; };
		9B42857C197BDAC000CF2B8D /* ViewController.h */ = {isa = PBXFileReference; fileEncoding = 4; lastKnownFileType = sourcecode.c.h; path = ViewController.h; sourceTree = "<group>"; };
		9B42857D197BDAC000CF2B8D /* ViewController.m */ = {isa = PBXFileReference; fileEncoding = 4; lastKnownFileType = sourcecode.c.objc; path = ViewController.m; sourceTree = "<group>"; };
		9B42857F197BDAC000CF2B8D /* EFBiOSGameView.h */ = {isa = PBXFileReference; fileEncoding = 4; lastKnownFileType = sourcecode.c.h; path = EFBiOSGameView.h; sourceTree = "<group>"; };
		9B428580197BDAC000CF2B8D /* EFBiOSGameView.m */ = {isa = PBXFileReference; fileEncoding = 4; lastKnownFileType = sourcecode.c.objc; path = EFBiOSGameView.m; sourceTree = "<group>"; };
		9B428581197BDAC000CF2B8D /* EFBiOSScoreView.h */ = {isa = PBXFileReference; fileEncoding = 4; lastKnownFileType = sourcecode.c.h; path = EFBiOSScoreView.h; sourceTree = "<group>"; };
		9B428582197BDAC000CF2B8D /* EFBiOSScoreView.m */ = {isa = PBXFileReference; fileEncoding = 4; lastKnownFileType = sourcecode.c.objc; path = EFBiOSScoreView.m; sourceTree = "<group>"; };
		9B428583197BDAC000CF2B8D /* EFBiOSTeamView.h */ = {isa = PBXFileReference; fileEncoding = 4; lastKnownFileType = sourcecode.c.h; path = EFBiOSTeamView.h; sourceTree = "<group>"; };
		9B428584197BDAC000CF2B8D /* EFBiOSTeamView.m */ = {isa = PBXFileReference; fileEncoding = 4; lastKnownFileType = sourcecode.c.objc; path = EFBiOSTeamView.m; sourceTree = "<group>"; };
		9B428585197BDAC000CF2B8D /* EFBiOSUserView.h */ = {isa = PBXFileReference; fileEncoding = 4; lastKnownFileType = sourcecode.c.h; path = EFBiOSUserView.h; sourceTree = "<group>"; };
		9B428586197BDAC000CF2B8D /* EFBiOSUserView.m */ = {isa = PBXFileReference; fileEncoding = 4; lastKnownFileType = sourcecode.c.objc; path = EFBiOSUserView.m; sourceTree = "<group>"; };
		9B42858D197BDAE000CF2B8D /* EFBImageDataSource.h */ = {isa = PBXFileReference; fileEncoding = 4; lastKnownFileType = sourcecode.c.h; path = EFBImageDataSource.h; sourceTree = "<group>"; };
		9B42858E197BDAE000CF2B8D /* EFBImageDataSource.m */ = {isa = PBXFileReference; fileEncoding = 4; lastKnownFileType = sourcecode.c.objc; path = EFBImageDataSource.m; sourceTree = "<group>"; };
		9B428595197BDEAF00CF2B8D /* libicucore.dylib */ = {isa = PBXFileReference; lastKnownFileType = "compiled.mach-o.dylib"; name = libicucore.dylib; path = Platforms/iPhoneOS.platform/Developer/SDKs/iPhoneOS7.1.sdk/usr/lib/libicucore.dylib; sourceTree = DEVELOPER_DIR; };
		9B428597197BEA2200CF2B8D /* EFBColor.h */ = {isa = PBXFileReference; fileEncoding = 4; lastKnownFileType = sourcecode.c.h; path = EFBColor.h; sourceTree = "<group>"; };
		9B428598197BEA2200CF2B8D /* EFBColor.m */ = {isa = PBXFileReference; fileEncoding = 4; lastKnownFileType = sourcecode.c.objc; path = EFBColor.m; sourceTree = "<group>"; };
		9B42859A197BEF5400CF2B8D /* Images.xcassets */ = {isa = PBXFileReference; lastKnownFileType = folder.assetcatalog; path = Images.xcassets; sourceTree = "<group>"; };
		9B42859C197C02E800CF2B8D /* EFBEditUserViewController.h */ = {isa = PBXFileReference; fileEncoding = 4; lastKnownFileType = sourcecode.c.h; path = EFBEditUserViewController.h; sourceTree = "<group>"; };
		9B42859D197C02E800CF2B8D /* EFBEditUserViewController.m */ = {isa = PBXFileReference; fileEncoding = 4; lastKnownFileType = sourcecode.c.objc; path = EFBEditUserViewController.m; sourceTree = "<group>"; };
		9BE485CE197D64AF009E2BAE /* NSDictionary+QueryString.m */ = {isa = PBXFileReference; fileEncoding = 4; lastKnownFileType = sourcecode.c.objc; path = "NSDictionary+QueryString.m"; sourceTree = "<group>"; };
		9BE485CF197D64AF009E2BAE /* NSString+Hashing.m */ = {isa = PBXFileReference; fileEncoding = 4; lastKnownFileType = sourcecode.c.objc; path = "NSString+Hashing.m"; sourceTree = "<group>"; };
		9BE485D1197D64AF009E2BAE /* NSDictionary+QueryString.h */ = {isa = PBXFileReference; fileEncoding = 4; lastKnownFileType = sourcecode.c.h; path = "NSDictionary+QueryString.h"; sourceTree = "<group>"; };
		9BE485D2197D64AF009E2BAE /* NSString+Hashing.h */ = {isa = PBXFileReference; fileEncoding = 4; lastKnownFileType = sourcecode.c.h; path = "NSString+Hashing.h"; sourceTree = "<group>"; };
		9BE485D3197D64AF009E2BAE /* PTBlockEventListener.h */ = {isa = PBXFileReference; fileEncoding = 4; lastKnownFileType = sourcecode.c.h; path = PTBlockEventListener.h; sourceTree = "<group>"; };
		9BE485D4197D64AF009E2BAE /* PTJSON.h */ = {isa = PBXFileReference; fileEncoding = 4; lastKnownFileType = sourcecode.c.h; path = PTJSON.h; sourceTree = "<group>"; };
		9BE485D5197D64AF009E2BAE /* PTPusherChannel_Private.h */ = {isa = PBXFileReference; fileEncoding = 4; lastKnownFileType = sourcecode.c.h; path = PTPusherChannel_Private.h; sourceTree = "<group>"; };
		9BE485D6197D64AF009E2BAE /* PTPusherChannelAuthorizationOperation.h */ = {isa = PBXFileReference; fileEncoding = 4; lastKnownFileType = sourcecode.c.h; path = PTPusherChannelAuthorizationOperation.h; sourceTree = "<group>"; };
		9BE485D7197D64AF009E2BAE /* PTTargetActionEventListener.h */ = {isa = PBXFileReference; fileEncoding = 4; lastKnownFileType = sourcecode.c.h; path = PTTargetActionEventListener.h; sourceTree = "<group>"; };
		9BE485D8197D64AF009E2BAE /* PTURLRequestOperation.h */ = {isa = PBXFileReference; fileEncoding = 4; lastKnownFileType = sourcecode.c.h; path = PTURLRequestOperation.h; sourceTree = "<group>"; };
		9BE485D9197D64AF009E2BAE /* PTBlockEventListener.m */ = {isa = PBXFileReference; fileEncoding = 4; lastKnownFileType = sourcecode.c.objc; path = PTBlockEventListener.m; sourceTree = "<group>"; };
		9BE485DA197D64AF009E2BAE /* PTEventListener.h */ = {isa = PBXFileReference; fileEncoding = 4; lastKnownFileType = sourcecode.c.h; path = PTEventListener.h; sourceTree = "<group>"; };
		9BE485DB197D64AF009E2BAE /* PTJSON.m */ = {isa = PBXFileReference; fileEncoding = 4; lastKnownFileType = sourcecode.c.objc; path = PTJSON.m; sourceTree = "<group>"; };
		9BE485DC197D64AF009E2BAE /* PTPusher+Testing.h */ = {isa = PBXFileReference; fileEncoding = 4; lastKnownFileType = sourcecode.c.h; path = "PTPusher+Testing.h"; sourceTree = "<group>"; };
		9BE485DD197D64AF009E2BAE /* PTPusher+Testing.m */ = {isa = PBXFileReference; fileEncoding = 4; lastKnownFileType = sourcecode.c.objc; path = "PTPusher+Testing.m"; sourceTree = "<group>"; };
		9BE485DE197D64AF009E2BAE /* PTPusher.h */ = {isa = PBXFileReference; fileEncoding = 4; lastKnownFileType = sourcecode.c.h; path = PTPusher.h; sourceTree = "<group>"; };
		9BE485DF197D64AF009E2BAE /* PTPusher.m */ = {isa = PBXFileReference; fileEncoding = 4; lastKnownFileType = sourcecode.c.objc; path = PTPusher.m; sourceTree = "<group>"; };
		9BE485E0197D64AF009E2BAE /* PTPusherAPI.h */ = {isa = PBXFileReference; fileEncoding = 4; lastKnownFileType = sourcecode.c.h; path = PTPusherAPI.h; sourceTree = "<group>"; };
		9BE485E1197D64AF009E2BAE /* PTPusherAPI.m */ = {isa = PBXFileReference; fileEncoding = 4; lastKnownFileType = sourcecode.c.objc; path = PTPusherAPI.m; sourceTree = "<group>"; };
		9BE485E2197D64AF009E2BAE /* PTPusherChannel.h */ = {isa = PBXFileReference; fileEncoding = 4; lastKnownFileType = sourcecode.c.h; path = PTPusherChannel.h; sourceTree = "<group>"; };
		9BE485E3197D64AF009E2BAE /* PTPusherChannel.m */ = {isa = PBXFileReference; fileEncoding = 4; lastKnownFileType = sourcecode.c.objc; path = PTPusherChannel.m; sourceTree = "<group>"; };
		9BE485E4197D64AF009E2BAE /* PTPusherChannelAuthorizationOperation.m */ = {isa = PBXFileReference; fileEncoding = 4; lastKnownFileType = sourcecode.c.objc; path = PTPusherChannelAuthorizationOperation.m; sourceTree = "<group>"; };
		9BE485E5197D64AF009E2BAE /* PTPusherConnection.h */ = {isa = PBXFileReference; fileEncoding = 4; lastKnownFileType = sourcecode.c.h; path = PTPusherConnection.h; sourceTree = "<group>"; };
		9BE485E6197D64AF009E2BAE /* PTPusherConnection.m */ = {isa = PBXFileReference; fileEncoding = 4; lastKnownFileType = sourcecode.c.objc; path = PTPusherConnection.m; sourceTree = "<group>"; };
		9BE485E7197D64AF009E2BAE /* PTPusherDelegate.h */ = {isa = PBXFileReference; fileEncoding = 4; lastKnownFileType = sourcecode.c.h; path = PTPusherDelegate.h; sourceTree = "<group>"; };
		9BE485E8197D64AF009E2BAE /* PTPusherErrors.h */ = {isa = PBXFileReference; fileEncoding = 4; lastKnownFileType = sourcecode.c.h; path = PTPusherErrors.h; sourceTree = "<group>"; };
		9BE485E9197D64AF009E2BAE /* PTPusherEvent.h */ = {isa = PBXFileReference; fileEncoding = 4; lastKnownFileType = sourcecode.c.h; path = PTPusherEvent.h; sourceTree = "<group>"; };
		9BE485EA197D64AF009E2BAE /* PTPusherEvent.m */ = {isa = PBXFileReference; fileEncoding = 4; lastKnownFileType = sourcecode.c.objc; path = PTPusherEvent.m; sourceTree = "<group>"; };
		9BE485EB197D64AF009E2BAE /* PTPusherEventDispatcher.h */ = {isa = PBXFileReference; fileEncoding = 4; lastKnownFileType = sourcecode.c.h; path = PTPusherEventDispatcher.h; sourceTree = "<group>"; };
		9BE485EC197D64AF009E2BAE /* PTPusherEventDispatcher.m */ = {isa = PBXFileReference; fileEncoding = 4; lastKnownFileType = sourcecode.c.objc; path = PTPusherEventDispatcher.m; sourceTree = "<group>"; };
		9BE485ED197D64AF009E2BAE /* PTPusherEventPublisher.h */ = {isa = PBXFileReference; fileEncoding = 4; lastKnownFileType = sourcecode.c.h; path = PTPusherEventPublisher.h; sourceTree = "<group>"; };
		9BE485EE197D64AF009E2BAE /* PTPusherMacros.h */ = {isa = PBXFileReference; fileEncoding = 4; lastKnownFileType = sourcecode.c.h; path = PTPusherMacros.h; sourceTree = "<group>"; };
		9BE485EF197D64AF009E2BAE /* PTPusherMockConnection.h */ = {isa = PBXFileReference; fileEncoding = 4; lastKnownFileType = sourcecode.c.h; path = PTPusherMockConnection.h; sourceTree = "<group>"; };
		9BE485F0197D64AF009E2BAE /* PTPusherMockConnection.m */ = {isa = PBXFileReference; fileEncoding = 4; lastKnownFileType = sourcecode.c.objc; path = PTPusherMockConnection.m; sourceTree = "<group>"; };
		9BE485F1197D64AF009E2BAE /* PTPusherPresenceChannelDelegate.h */ = {isa = PBXFileReference; fileEncoding = 4; lastKnownFileType = sourcecode.c.h; path = PTPusherPresenceChannelDelegate.h; sourceTree = "<group>"; };
		9BE485F2197D64AF009E2BAE /* PTTargetActionEventListener.m */ = {isa = PBXFileReference; fileEncoding = 4; lastKnownFileType = sourcecode.c.objc; path = PTTargetActionEventListener.m; sourceTree = "<group>"; };
		9BE485F3197D64AF009E2BAE /* PTURLRequestOperation.m */ = {isa = PBXFileReference; fileEncoding = 4; lastKnownFileType = sourcecode.c.objc; path = PTURLRequestOperation.m; sourceTree = "<group>"; };
		9BE485F4197D64AF009E2BAE /* Pusher.h */ = {isa = PBXFileReference; fileEncoding = 4; lastKnownFileType = sourcecode.c.h; path = Pusher.h; sourceTree = "<group>"; };
		A5A7A1F2197A5E03002C0A60 /* EFBDataService.h */ = {isa = PBXFileReference; fileEncoding = 4; lastKnownFileType = sourcecode.c.h; path = EFBDataService.h; sourceTree = "<group>"; };
		A5A7A1F3197A5E03002C0A60 /* EFBDataService.m */ = {isa = PBXFileReference; fileEncoding = 4; lastKnownFileType = sourcecode.c.objc; path = EFBDataService.m; sourceTree = "<group>"; };
		A5A7A1F5197A5F4A002C0A60 /* EFBAPICostants.h */ = {isa = PBXFileReference; fileEncoding = 4; lastKnownFileType = sourcecode.c.h; path = EFBAPICostants.h; sourceTree = "<group>"; };
		A5A7A1FA197A6B79002C0A60 /* EFBAppDelegate.h */ = {isa = PBXFileReference; fileEncoding = 4; lastKnownFileType = sourcecode.c.h; path = EFBAppDelegate.h; sourceTree = "<group>"; };
		A5A7A1FB197A6B79002C0A60 /* EFBAppDelegate.m */ = {isa = PBXFileReference; fileEncoding = 4; lastKnownFileType = sourcecode.c.objc; path = EFBAppDelegate.m; sourceTree = "<group>"; };
		A5A7A1FC197A6B79002C0A60 /* EFBGameViewController.h */ = {isa = PBXFileReference; fileEncoding = 4; lastKnownFileType = sourcecode.c.h; path = EFBGameViewController.h; sourceTree = "<group>"; };
		A5A7A1FD197A6B79002C0A60 /* EFBGameViewController.m */ = {isa = PBXFileReference; fileEncoding = 4; lastKnownFileType = sourcecode.c.objc; path = EFBGameViewController.m; sourceTree = "<group>"; };
		A5A7A201197A6BA3002C0A60 /* EFBTeamView.h */ = {isa = PBXFileReference; fileEncoding = 4; lastKnownFileType = sourcecode.c.h; path = EFBTeamView.h; sourceTree = "<group>"; };
		A5A7A202197A6BA3002C0A60 /* EFBTeamView.m */ = {isa = PBXFileReference; fileEncoding = 4; lastKnownFileType = sourcecode.c.objc; path = EFBTeamView.m; sourceTree = "<group>"; };
		A5A7A204197A6D19002C0A60 /* EFBUserView.h */ = {isa = PBXFileReference; fileEncoding = 4; lastKnownFileType = sourcecode.c.h; path = EFBUserView.h; sourceTree = "<group>"; };
		A5A7A205197A6D19002C0A60 /* EFBUserView.m */ = {isa = PBXFileReference; fileEncoding = 4; lastKnownFileType = sourcecode.c.objc; path = EFBUserView.m; sourceTree = "<group>"; };
		A5A7A207197A6FC3002C0A60 /* EFBGameView.h */ = {isa = PBXFileReference; fileEncoding = 4; lastKnownFileType = sourcecode.c.h; path = EFBGameView.h; sourceTree = "<group>"; };
		A5A7A208197A6FC3002C0A60 /* EFBGameView.m */ = {isa = PBXFileReference; fileEncoding = 4; lastKnownFileType = sourcecode.c.objc; path = EFBGameView.m; sourceTree = "<group>"; };
		A5A7A20A197A76E2002C0A60 /* EFBLabel.h */ = {isa = PBXFileReference; fileEncoding = 4; lastKnownFileType = sourcecode.c.h; path = EFBLabel.h; sourceTree = "<group>"; };
		A5A7A20B197A76E2002C0A60 /* EFBLabel.m */ = {isa = PBXFileReference; fileEncoding = 4; lastKnownFileType = sourcecode.c.objc; path = EFBLabel.m; sourceTree = "<group>"; };
		A5A7A24D197A7B98002C0A60 /* ElectricFussballApp.app */ = {isa = PBXFileReference; explicitFileType = wrapper.application; includeInIndex = 0; path = ElectricFussballApp.app; sourceTree = BUILT_PRODUCTS_DIR; };
		A5A7A250197A7B99002C0A60 /* Info.plist */ = {isa = PBXFileReference; lastKnownFileType = text.plist.xml; path = Info.plist; sourceTree = "<group>"; };
		A5A7A251197A7B99002C0A60 /* main.m */ = {isa = PBXFileReference; lastKnownFileType = sourcecode.c.objc; path = main.m; sourceTree = "<group>"; };
		A5A7A25A197A7B99002C0A60 /* Base */ = {isa = PBXFileReference; lastKnownFileType = file.storyboard; name = Base; path = Base.lproj/Main.storyboard; sourceTree = "<group>"; };
		A5A7A262197A7B99002C0A60 /* ElectricFussballAppTests.xctest */ = {isa = PBXFileReference; explicitFileType = wrapper.cfbundle; includeInIndex = 0; path = ElectricFussballAppTests.xctest; sourceTree = BUILT_PRODUCTS_DIR; };
		A5A7A267197A7B99002C0A60 /* Info.plist */ = {isa = PBXFileReference; lastKnownFileType = text.plist.xml; path = Info.plist; sourceTree = "<group>"; };
		A5A7A268197A7B99002C0A60 /* ElectricFussballAppTests.m */ = {isa = PBXFileReference; lastKnownFileType = sourcecode.c.objc; path = ElectricFussballAppTests.m; sourceTree = "<group>"; };
/* End PBXFileReference section */

/* Begin PBXFrameworksBuildPhase section */
		9B42849B1979684C00CF2B8D /* Frameworks */ = {
			isa = PBXFrameworksBuildPhase;
			buildActionMask = 2147483647;
			files = (
				9B4284A21979684C00CF2B8D /* Cocoa.framework in Frameworks */,
			);
			runOnlyForDeploymentPostprocessing = 0;
		};
		9B4284BC1979684C00CF2B8D /* Frameworks */ = {
			isa = PBXFrameworksBuildPhase;
			buildActionMask = 2147483647;
			files = (
				9B4284C21979684C00CF2B8D /* Cocoa.framework in Frameworks */,
				9B4284C11979684C00CF2B8D /* XCTest.framework in Frameworks */,
			);
			runOnlyForDeploymentPostprocessing = 0;
		};
		A5A7A24A197A7B98002C0A60 /* Frameworks */ = {
			isa = PBXFrameworksBuildPhase;
			buildActionMask = 2147483647;
			files = (
				9B428596197BDEAF00CF2B8D /* libicucore.dylib in Frameworks */,
			);
			runOnlyForDeploymentPostprocessing = 0;
		};
		A5A7A25F197A7B99002C0A60 /* Frameworks */ = {
			isa = PBXFrameworksBuildPhase;
			buildActionMask = 2147483647;
			files = (
			);
			runOnlyForDeploymentPostprocessing = 0;
		};
/* End PBXFrameworksBuildPhase section */

/* Begin PBXGroup section */
		9B4284951979684C00CF2B8D = {
			isa = PBXGroup;
			children = (
				9B4284A71979684C00CF2B8D /* ElectricFussball */,
				9B4284C51979684C00CF2B8D /* ElectricFussballTests */,
				A5A7A24E197A7B98002C0A60 /* ElectricFussballApp */,
				A5A7A265197A7B99002C0A60 /* ElectricFussballAppTests */,
				9B4284A01979684C00CF2B8D /* Frameworks */,
				9B42849F1979684C00CF2B8D /* Products */,
			);
			sourceTree = "<group>";
		};
		9B42849F1979684C00CF2B8D /* Products */ = {
			isa = PBXGroup;
			children = (
				9B42849E1979684C00CF2B8D /* ElectricFussball.app */,
				9B4284BF1979684C00CF2B8D /* ElectricFussballTests.xctest */,
				A5A7A24D197A7B98002C0A60 /* ElectricFussballApp.app */,
				A5A7A262197A7B99002C0A60 /* ElectricFussballAppTests.xctest */,
			);
			name = Products;
			sourceTree = "<group>";
		};
		9B4284A01979684C00CF2B8D /* Frameworks */ = {
			isa = PBXGroup;
			children = (
				9B428595197BDEAF00CF2B8D /* libicucore.dylib */,
				9B4284A11979684C00CF2B8D /* Cocoa.framework */,
				9B4284C01979684C00CF2B8D /* XCTest.framework */,
				9B4284A31979684C00CF2B8D /* Other Frameworks */,
			);
			name = Frameworks;
			sourceTree = "<group>";
		};
		9B4284A31979684C00CF2B8D /* Other Frameworks */ = {
			isa = PBXGroup;
			children = (
				9B4284A41979684C00CF2B8D /* AppKit.framework */,
				9B4284A51979684C00CF2B8D /* CoreData.framework */,
				9B4284A61979684C00CF2B8D /* Foundation.framework */,
			);
			name = "Other Frameworks";
			sourceTree = "<group>";
		};
		9B4284A71979684C00CF2B8D /* ElectricFussball */ = {
			isa = PBXGroup;
			children = (
				A5A7A1F9197A6B79002C0A60 /* Controllers */,
				A5A7A1FE197A6B79002C0A60 /* Views */,
				9B42856D197979CC00CF2B8D /* Lib */,
				9B428572197979CC00CF2B8D /* Model */,
				9B4284D51979686E00CF2B8D /* External */,
				9B4284B91979684C00CF2B8D /* Images.xcassets */,
				9B4284A81979684C00CF2B8D /* Supporting Files */,
			);
			path = ElectricFussball;
			sourceTree = "<group>";
		};
		9B4284A81979684C00CF2B8D /* Supporting Files */ = {
			isa = PBXGroup;
			children = (
				9B4284A91979684C00CF2B8D /* ElectricFussball-Info.plist */,
				9B4284AA1979684C00CF2B8D /* InfoPlist.strings */,
				9B4284AD1979684C00CF2B8D /* main.m */,
				9B4284AF1979684C00CF2B8D /* ElectricFussball-Prefix.pch */,
				9B4284B01979684C00CF2B8D /* Credits.rtf */,
			);
			name = "Supporting Files";
			sourceTree = "<group>";
		};
		9B4284C51979684C00CF2B8D /* ElectricFussballTests */ = {
			isa = PBXGroup;
			children = (
				9B4284CB1979684C00CF2B8D /* ElectricFussballTests.m */,
				9B4284C61979684C00CF2B8D /* Supporting Files */,
			);
			path = ElectricFussballTests;
			sourceTree = "<group>";
		};
		9B4284C61979684C00CF2B8D /* Supporting Files */ = {
			isa = PBXGroup;
			children = (
				9B4284C71979684C00CF2B8D /* ElectricFussballTests-Info.plist */,
				9B4284C81979684C00CF2B8D /* InfoPlist.strings */,
			);
			name = "Supporting Files";
			sourceTree = "<group>";
		};
		9B4284D51979686E00CF2B8D /* External */ = {
			isa = PBXGroup;
			children = (
				9BE485CD197D64AF009E2BAE /* Pusher */,
				9B4284D61979686E00CF2B8D /* SocketRocket */,
			);
			name = External;
			path = ../../External;
			sourceTree = "<group>";
		};
		9B4284D61979686E00CF2B8D /* SocketRocket */ = {
			isa = PBXGroup;
			children = (
				9B4284E11979686E00CF2B8D /* SocketRocket */,
			);
			path = SocketRocket;
			sourceTree = "<group>";
		};
		9B4284E11979686E00CF2B8D /* SocketRocket */ = {
			isa = PBXGroup;
			children = (
				9B4284E21979686E00CF2B8D /* SocketRocket-Prefix.pch */,
				9B4284E31979686E00CF2B8D /* SRWebSocket.h */,
				9B4284E41979686E00CF2B8D /* SRWebSocket.m */,
			);
			path = SocketRocket;
			sourceTree = "<group>";
		};
		9B42856D197979CC00CF2B8D /* Lib */ = {
			isa = PBXGroup;
			children = (
				9B42858D197BDAE000CF2B8D /* EFBImageDataSource.h */,
				9B42858E197BDAE000CF2B8D /* EFBImageDataSource.m */,
				9B42856B197979CC00CF2B8D /* EFBWebsocketDriver.h */,
				9B42856C197979CC00CF2B8D /* EFBWebsocketDriver.m */,
				A5A7A1F2197A5E03002C0A60 /* EFBDataService.h */,
				A5A7A1F3197A5E03002C0A60 /* EFBDataService.m */,
				A5A7A1F5197A5F4A002C0A60 /* EFBAPICostants.h */,
			);
			name = Lib;
			path = Model/ElectricFusstableShare/../../Lib;
			sourceTree = "<group>";
		};
		9B428572197979CC00CF2B8D /* Model */ = {
			isa = PBXGroup;
			children = (
				9B428570197979CC00CF2B8D /* EFBGame.h */,
				9B428571197979CC00CF2B8D /* EFBGame.m */,
			);
			name = Model;
			path = Model/ElectricFusstableShare/..;
			sourceTree = "<group>";
		};
		9B428579197BDAC000CF2B8D /* Controllers */ = {
			isa = PBXGroup;
			children = (
				9B42857A197BDAC000CF2B8D /* AppDelegate.h */,
				9B42857B197BDAC000CF2B8D /* AppDelegate.m */,
				9B42857C197BDAC000CF2B8D /* ViewController.h */,
				9B42857D197BDAC000CF2B8D /* ViewController.m */,
				9B428597197BEA2200CF2B8D /* EFBColor.h */,
				9B428598197BEA2200CF2B8D /* EFBColor.m */,
				9B42859C197C02E800CF2B8D /* EFBEditUserViewController.h */,
				9B42859D197C02E800CF2B8D /* EFBEditUserViewController.m */,
			);
			path = Controllers;
			sourceTree = "<group>";
		};
		9B42857E197BDAC000CF2B8D /* Views */ = {
			isa = PBXGroup;
			children = (
				9B42857F197BDAC000CF2B8D /* EFBiOSGameView.h */,
				9B428580197BDAC000CF2B8D /* EFBiOSGameView.m */,
				9B428583197BDAC000CF2B8D /* EFBiOSTeamView.h */,
				9B428584197BDAC000CF2B8D /* EFBiOSTeamView.m */,
				9B428585197BDAC000CF2B8D /* EFBiOSUserView.h */,
				9B428586197BDAC000CF2B8D /* EFBiOSUserView.m */,
				9B428581197BDAC000CF2B8D /* EFBiOSScoreView.h */,
				9B428582197BDAC000CF2B8D /* EFBiOSScoreView.m */,
			);
			path = Views;
			sourceTree = "<group>";
		};
		9BE485CD197D64AF009E2BAE /* Pusher */ = {
			isa = PBXGroup;
			children = (
				9BE485CE197D64AF009E2BAE /* NSDictionary+QueryString.m */,
				9BE485CF197D64AF009E2BAE /* NSString+Hashing.m */,
				9BE485D0197D64AF009E2BAE /* Private Headers */,
				9BE485D9197D64AF009E2BAE /* PTBlockEventListener.m */,
				9BE485DA197D64AF009E2BAE /* PTEventListener.h */,
				9BE485DB197D64AF009E2BAE /* PTJSON.m */,
				9BE485DC197D64AF009E2BAE /* PTPusher+Testing.h */,
				9BE485DD197D64AF009E2BAE /* PTPusher+Testing.m */,
				9BE485DE197D64AF009E2BAE /* PTPusher.h */,
				9BE485DF197D64AF009E2BAE /* PTPusher.m */,
				9BE485E0197D64AF009E2BAE /* PTPusherAPI.h */,
				9BE485E1197D64AF009E2BAE /* PTPusherAPI.m */,
				9BE485E2197D64AF009E2BAE /* PTPusherChannel.h */,
				9BE485E3197D64AF009E2BAE /* PTPusherChannel.m */,
				9BE485E4197D64AF009E2BAE /* PTPusherChannelAuthorizationOperation.m */,
				9BE485E5197D64AF009E2BAE /* PTPusherConnection.h */,
				9BE485E6197D64AF009E2BAE /* PTPusherConnection.m */,
				9BE485E7197D64AF009E2BAE /* PTPusherDelegate.h */,
				9BE485E8197D64AF009E2BAE /* PTPusherErrors.h */,
				9BE485E9197D64AF009E2BAE /* PTPusherEvent.h */,
				9BE485EA197D64AF009E2BAE /* PTPusherEvent.m */,
				9BE485EB197D64AF009E2BAE /* PTPusherEventDispatcher.h */,
				9BE485EC197D64AF009E2BAE /* PTPusherEventDispatcher.m */,
				9BE485ED197D64AF009E2BAE /* PTPusherEventPublisher.h */,
				9BE485EE197D64AF009E2BAE /* PTPusherMacros.h */,
				9BE485EF197D64AF009E2BAE /* PTPusherMockConnection.h */,
				9BE485F0197D64AF009E2BAE /* PTPusherMockConnection.m */,
				9BE485F1197D64AF009E2BAE /* PTPusherPresenceChannelDelegate.h */,
				9BE485F2197D64AF009E2BAE /* PTTargetActionEventListener.m */,
				9BE485F3197D64AF009E2BAE /* PTURLRequestOperation.m */,
				9BE485F4197D64AF009E2BAE /* Pusher.h */,
			);
			name = Pusher;
			path = Pusher/Library;
			sourceTree = "<group>";
		};
		9BE485D0197D64AF009E2BAE /* Private Headers */ = {
			isa = PBXGroup;
			children = (
				9BE485D1197D64AF009E2BAE /* NSDictionary+QueryString.h */,
				9BE485D2197D64AF009E2BAE /* NSString+Hashing.h */,
				9BE485D3197D64AF009E2BAE /* PTBlockEventListener.h */,
				9BE485D4197D64AF009E2BAE /* PTJSON.h */,
				9BE485D5197D64AF009E2BAE /* PTPusherChannel_Private.h */,
				9BE485D6197D64AF009E2BAE /* PTPusherChannelAuthorizationOperation.h */,
				9BE485D7197D64AF009E2BAE /* PTTargetActionEventListener.h */,
				9BE485D8197D64AF009E2BAE /* PTURLRequestOperation.h */,
			);
			path = "Private Headers";
			sourceTree = "<group>";
		};
		A5A7A1F9197A6B79002C0A60 /* Controllers */ = {
			isa = PBXGroup;
			children = (
				9B4284B61979684C00CF2B8D /* MainMenu.xib */,
				A5A7A1FA197A6B79002C0A60 /* EFBAppDelegate.h */,
				A5A7A1FB197A6B79002C0A60 /* EFBAppDelegate.m */,
				A5A7A1FC197A6B79002C0A60 /* EFBGameViewController.h */,
				A5A7A1FD197A6B79002C0A60 /* EFBGameViewController.m */,
			);
			path = Controllers;
			sourceTree = "<group>";
		};
		A5A7A1FE197A6B79002C0A60 /* Views */ = {
			isa = PBXGroup;
			children = (
				A5A7A207197A6FC3002C0A60 /* EFBGameView.h */,
				A5A7A208197A6FC3002C0A60 /* EFBGameView.m */,
				A5A7A201197A6BA3002C0A60 /* EFBTeamView.h */,
				A5A7A202197A6BA3002C0A60 /* EFBTeamView.m */,
				A5A7A204197A6D19002C0A60 /* EFBUserView.h */,
				A5A7A205197A6D19002C0A60 /* EFBUserView.m */,
				A5A7A20A197A76E2002C0A60 /* EFBLabel.h */,
				A5A7A20B197A76E2002C0A60 /* EFBLabel.m */,
			);
			path = Views;
			sourceTree = "<group>";
		};
		A5A7A24E197A7B98002C0A60 /* ElectricFussballApp */ = {
			isa = PBXGroup;
			children = (
				9B428579197BDAC000CF2B8D /* Controllers */,
				9B42857E197BDAC000CF2B8D /* Views */,
				A5A7A259197A7B99002C0A60 /* Main.storyboard */,
				A5A7A24F197A7B99002C0A60 /* Supporting Files */,
			);
			path = ElectricFussballApp;
			sourceTree = "<group>";
		};
		A5A7A24F197A7B99002C0A60 /* Supporting Files */ = {
			isa = PBXGroup;
			children = (
				9B42859A197BEF5400CF2B8D /* Images.xcassets */,
				A5A7A250197A7B99002C0A60 /* Info.plist */,
				A5A7A251197A7B99002C0A60 /* main.m */,
			);
			name = "Supporting Files";
			sourceTree = "<group>";
		};
		A5A7A265197A7B99002C0A60 /* ElectricFussballAppTests */ = {
			isa = PBXGroup;
			children = (
				A5A7A268197A7B99002C0A60 /* ElectricFussballAppTests.m */,
				A5A7A266197A7B99002C0A60 /* Supporting Files */,
			);
			path = ElectricFussballAppTests;
			sourceTree = "<group>";
		};
		A5A7A266197A7B99002C0A60 /* Supporting Files */ = {
			isa = PBXGroup;
			children = (
				A5A7A267197A7B99002C0A60 /* Info.plist */,
			);
			name = "Supporting Files";
			sourceTree = "<group>";
		};
/* End PBXGroup section */

/* Begin PBXNativeTarget section */
		9B42849D1979684C00CF2B8D /* ElectricFussball */ = {
			isa = PBXNativeTarget;
			buildConfigurationList = 9B4284CF1979684D00CF2B8D /* Build configuration list for PBXNativeTarget "ElectricFussball" */;
			buildPhases = (
				9B42849A1979684C00CF2B8D /* Sources */,
				9B42849B1979684C00CF2B8D /* Frameworks */,
				9B42849C1979684C00CF2B8D /* Resources */,
			);
			buildRules = (
			);
			dependencies = (
			);
			name = ElectricFussball;
			productName = ElectricFussball;
			productReference = 9B42849E1979684C00CF2B8D /* ElectricFussball.app */;
			productType = "com.apple.product-type.application";
		};
		9B4284BE1979684C00CF2B8D /* ElectricFussballTests */ = {
			isa = PBXNativeTarget;
			buildConfigurationList = 9B4284D21979684D00CF2B8D /* Build configuration list for PBXNativeTarget "ElectricFussballTests" */;
			buildPhases = (
				9B4284BB1979684C00CF2B8D /* Sources */,
				9B4284BC1979684C00CF2B8D /* Frameworks */,
				9B4284BD1979684C00CF2B8D /* Resources */,
			);
			buildRules = (
			);
			dependencies = (
				9B4284C41979684C00CF2B8D /* PBXTargetDependency */,
			);
			name = ElectricFussballTests;
			productName = ElectricFussballTests;
			productReference = 9B4284BF1979684C00CF2B8D /* ElectricFussballTests.xctest */;
			productType = "com.apple.product-type.bundle.unit-test";
		};
		A5A7A24C197A7B98002C0A60 /* ElectricFussballApp */ = {
			isa = PBXNativeTarget;
			buildConfigurationList = A5A7A26A197A7B99002C0A60 /* Build configuration list for PBXNativeTarget "ElectricFussballApp" */;
			buildPhases = (
				A5A7A249197A7B98002C0A60 /* Sources */,
				A5A7A24A197A7B98002C0A60 /* Frameworks */,
				A5A7A24B197A7B98002C0A60 /* Resources */,
			);
			buildRules = (
			);
			dependencies = (
			);
			name = ElectricFussballApp;
			productName = ElectricFussballApp;
			productReference = A5A7A24D197A7B98002C0A60 /* ElectricFussballApp.app */;
			productType = "com.apple.product-type.application";
		};
		A5A7A261197A7B99002C0A60 /* ElectricFussballAppTests */ = {
			isa = PBXNativeTarget;
			buildConfigurationList = A5A7A26D197A7B99002C0A60 /* Build configuration list for PBXNativeTarget "ElectricFussballAppTests" */;
			buildPhases = (
				A5A7A25E197A7B99002C0A60 /* Sources */,
				A5A7A25F197A7B99002C0A60 /* Frameworks */,
				A5A7A260197A7B99002C0A60 /* Resources */,
			);
			buildRules = (
			);
			dependencies = (
				A5A7A264197A7B99002C0A60 /* PBXTargetDependency */,
				A5A7A271197A7B9A002C0A60 /* PBXTargetDependency */,
			);
			name = ElectricFussballAppTests;
			productName = ElectricFussballAppTests;
			productReference = A5A7A262197A7B99002C0A60 /* ElectricFussballAppTests.xctest */;
			productType = "com.apple.product-type.bundle.unit-test";
		};
/* End PBXNativeTarget section */

/* Begin PBXProject section */
		9B4284961979684C00CF2B8D /* Project object */ = {
			isa = PBXProject;
			attributes = {
				CLASSPREFIX = EFB;
				LastUpgradeCheck = 0510;
				ORGANIZATIONNAME = Yammer;
				TargetAttributes = {
					9B4284BE1979684C00CF2B8D = {
						TestTargetID = 9B42849D1979684C00CF2B8D;
					};
					A5A7A24C197A7B98002C0A60 = {
						CreatedOnToolsVersion = 6.0;
					};
					A5A7A261197A7B99002C0A60 = {
						CreatedOnToolsVersion = 6.0;
						TestTargetID = A5A7A24C197A7B98002C0A60;
					};
				};
			};
			buildConfigurationList = 9B4284991979684C00CF2B8D /* Build configuration list for PBXProject "ElectricFussball" */;
			compatibilityVersion = "Xcode 3.2";
			developmentRegion = English;
			hasScannedForEncodings = 0;
			knownRegions = (
				en,
				Base,
			);
			mainGroup = 9B4284951979684C00CF2B8D;
			productRefGroup = 9B42849F1979684C00CF2B8D /* Products */;
			projectDirPath = "";
			projectRoot = "";
			targets = (
				9B42849D1979684C00CF2B8D /* ElectricFussball */,
				9B4284BE1979684C00CF2B8D /* ElectricFussballTests */,
				A5A7A24C197A7B98002C0A60 /* ElectricFussballApp */,
				A5A7A261197A7B99002C0A60 /* ElectricFussballAppTests */,
			);
		};
/* End PBXProject section */

/* Begin PBXResourcesBuildPhase section */
		9B42849C1979684C00CF2B8D /* Resources */ = {
			isa = PBXResourcesBuildPhase;
			buildActionMask = 2147483647;
			files = (
				9B4284AC1979684C00CF2B8D /* InfoPlist.strings in Resources */,
				9B4284BA1979684C00CF2B8D /* Images.xcassets in Resources */,
				9B4284B21979684C00CF2B8D /* Credits.rtf in Resources */,
				9B4284B81979684C00CF2B8D /* MainMenu.xib in Resources */,
			);
			runOnlyForDeploymentPostprocessing = 0;
		};
		9B4284BD1979684C00CF2B8D /* Resources */ = {
			isa = PBXResourcesBuildPhase;
			buildActionMask = 2147483647;
			files = (
				9B4284CA1979684C00CF2B8D /* InfoPlist.strings in Resources */,
			);
			runOnlyForDeploymentPostprocessing = 0;
		};
		A5A7A24B197A7B98002C0A60 /* Resources */ = {
			isa = PBXResourcesBuildPhase;
			buildActionMask = 2147483647;
			files = (
				A5A7A25B197A7B99002C0A60 /* Main.storyboard in Resources */,
				9B42859B197BEF5400CF2B8D /* Images.xcassets in Resources */,
			);
			runOnlyForDeploymentPostprocessing = 0;
		};
		A5A7A260197A7B99002C0A60 /* Resources */ = {
			isa = PBXResourcesBuildPhase;
			buildActionMask = 2147483647;
			files = (
			);
			runOnlyForDeploymentPostprocessing = 0;
		};
/* End PBXResourcesBuildPhase section */

/* Begin PBXSourcesBuildPhase section */
		9B42849A1979684C00CF2B8D /* Sources */ = {
			isa = PBXSourcesBuildPhase;
			buildActionMask = 2147483647;
			files = (
				A5A7A20C197A76E2002C0A60 /* EFBLabel.m in Sources */,
				9BE485FB197D64AF009E2BAE /* PTJSON.m in Sources */,
				9BE48611197D64AF009E2BAE /* PTURLRequestOperation.m in Sources */,
				A5A7A200197A6B79002C0A60 /* EFBGameViewController.m in Sources */,
				9BE485F5197D64AF009E2BAE /* NSDictionary+QueryString.m in Sources */,
				9BE48603197D64AF009E2BAE /* PTPusherChannel.m in Sources */,
				9BE485FF197D64AF009E2BAE /* PTPusher.m in Sources */,
				9B428577197979CC00CF2B8D /* EFBGame.m in Sources */,
				9BE485F7197D64AF009E2BAE /* NSString+Hashing.m in Sources */,
				9BE4860B197D64AF009E2BAE /* PTPusherEventDispatcher.m in Sources */,
				9BE485F9197D64AF009E2BAE /* PTBlockEventListener.m in Sources */,
				9BE48601197D64AF009E2BAE /* PTPusherAPI.m in Sources */,
				9B4285201979686E00CF2B8D /* SRWebSocket.m in Sources */,
				A5A7A1FF197A6B79002C0A60 /* EFBAppDelegate.m in Sources */,
				9BE48609197D64AF009E2BAE /* PTPusherEvent.m in Sources */,
				9BE485FD197D64AF009E2BAE /* PTPusher+Testing.m in Sources */,
				A5A7A209197A6FC3002C0A60 /* EFBGameView.m in Sources */,
				9B42858F197BDAE000CF2B8D /* EFBImageDataSource.m in Sources */,
				9BE48605197D64AF009E2BAE /* PTPusherChannelAuthorizationOperation.m in Sources */,
				9B4284AE1979684C00CF2B8D /* main.m in Sources */,
				9BE4860F197D64AF009E2BAE /* PTTargetActionEventListener.m in Sources */,
				9B428575197979CC00CF2B8D /* EFBWebsocketDriver.m in Sources */,
				9BE48607197D64AF009E2BAE /* PTPusherConnection.m in Sources */,
				A5A7A1F4197A5E03002C0A60 /* EFBDataService.m in Sources */,
				A5A7A203197A6BA3002C0A60 /* EFBTeamView.m in Sources */,
				9BE4860D197D64AF009E2BAE /* PTPusherMockConnection.m in Sources */,
				A5A7A206197A6D19002C0A60 /* EFBUserView.m in Sources */,
			);
			runOnlyForDeploymentPostprocessing = 0;
		};
		9B4284BB1979684C00CF2B8D /* Sources */ = {
			isa = PBXSourcesBuildPhase;
			buildActionMask = 2147483647;
			files = (
				9B4284CC1979684C00CF2B8D /* ElectricFussballTests.m in Sources */,
			);
			runOnlyForDeploymentPostprocessing = 0;
		};
		A5A7A249197A7B98002C0A60 /* Sources */ = {
			isa = PBXSourcesBuildPhase;
			buildActionMask = 2147483647;
			files = (
				9BE48604197D64AF009E2BAE /* PTPusherChannel.m in Sources */,
				9BE4860A197D64AF009E2BAE /* PTPusherEvent.m in Sources */,
				9B428589197BDAC000CF2B8D /* EFBiOSGameView.m in Sources */,
				9B428588197BDAC000CF2B8D /* ViewController.m in Sources */,
				9BE485F8197D64AF009E2BAE /* NSString+Hashing.m in Sources */,
				9BE48606197D64AF009E2BAE /* PTPusherChannelAuthorizationOperation.m in Sources */,
				9BE485F6197D64AF009E2BAE /* NSDictionary+QueryString.m in Sources */,
				9BE48602197D64AF009E2BAE /* PTPusherAPI.m in Sources */,
				9B428590197BDAE000CF2B8D /* EFBImageDataSource.m in Sources */,
				9B42859E197C02E800CF2B8D /* EFBEditUserViewController.m in Sources */,
				9BE4860E197D64AF009E2BAE /* PTPusherMockConnection.m in Sources */,
				9B42858A197BDAC000CF2B8D /* EFBiOSScoreView.m in Sources */,
				9BE48608197D64AF009E2BAE /* PTPusherConnection.m in Sources */,
				9BE48610197D64AF009E2BAE /* PTTargetActionEventListener.m in Sources */,
				9B42858B197BDAC000CF2B8D /* EFBiOSTeamView.m in Sources */,
				9BE48600197D64AF009E2BAE /* PTPusher.m in Sources */,
				9B428593197BDDFD00CF2B8D /* SRWebSocket.m in Sources */,
				9BE485FC197D64AF009E2BAE /* PTJSON.m in Sources */,
				9B428591197BDD2A00CF2B8D /* EFBDataService.m in Sources */,
				9BE48612197D64AF009E2BAE /* PTURLRequestOperation.m in Sources */,
				9BE485FA197D64AF009E2BAE /* PTBlockEventListener.m in Sources */,
				9B428599197BEA2200CF2B8D /* EFBColor.m in Sources */,
				9BE485FE197D64AF009E2BAE /* PTPusher+Testing.m in Sources */,
				9B428594197BDE9100CF2B8D /* EFBGame.m in Sources */,
				9B428587197BDAC000CF2B8D /* AppDelegate.m in Sources */,
				9BE4860C197D64AF009E2BAE /* PTPusherEventDispatcher.m in Sources */,
				9B42858C197BDAC000CF2B8D /* EFBiOSUserView.m in Sources */,
				A5A7A252197A7B99002C0A60 /* main.m in Sources */,
				9B428592197BDD2F00CF2B8D /* EFBWebsocketDriver.m in Sources */,
			);
			runOnlyForDeploymentPostprocessing = 0;
		};
		A5A7A25E197A7B99002C0A60 /* Sources */ = {
			isa = PBXSourcesBuildPhase;
			buildActionMask = 2147483647;
			files = (
				A5A7A269197A7B99002C0A60 /* ElectricFussballAppTests.m in Sources */,
			);
			runOnlyForDeploymentPostprocessing = 0;
		};
/* End PBXSourcesBuildPhase section */

/* Begin PBXTargetDependency section */
		9B4284C41979684C00CF2B8D /* PBXTargetDependency */ = {
			isa = PBXTargetDependency;
			target = 9B42849D1979684C00CF2B8D /* ElectricFussball */;
			targetProxy = 9B4284C31979684C00CF2B8D /* PBXContainerItemProxy */;
		};
		A5A7A264197A7B99002C0A60 /* PBXTargetDependency */ = {
			isa = PBXTargetDependency;
			target = A5A7A24C197A7B98002C0A60 /* ElectricFussballApp */;
			targetProxy = A5A7A263197A7B99002C0A60 /* PBXContainerItemProxy */;
		};
		A5A7A271197A7B9A002C0A60 /* PBXTargetDependency */ = {
			isa = PBXTargetDependency;
			target = A5A7A24C197A7B98002C0A60 /* ElectricFussballApp */;
			targetProxy = A5A7A270197A7B9A002C0A60 /* PBXContainerItemProxy */;
		};
/* End PBXTargetDependency section */

/* Begin PBXVariantGroup section */
		9B4284AA1979684C00CF2B8D /* InfoPlist.strings */ = {
			isa = PBXVariantGroup;
			children = (
				9B4284AB1979684C00CF2B8D /* en */,
			);
			name = InfoPlist.strings;
			sourceTree = "<group>";
		};
		9B4284B01979684C00CF2B8D /* Credits.rtf */ = {
			isa = PBXVariantGroup;
			children = (
				9B4284B11979684C00CF2B8D /* en */,
			);
			name = Credits.rtf;
			sourceTree = "<group>";
		};
		9B4284B61979684C00CF2B8D /* MainMenu.xib */ = {
			isa = PBXVariantGroup;
			children = (
				9B4284B71979684C00CF2B8D /* Base */,
			);
			name = MainMenu.xib;
			path = ..;
			sourceTree = "<group>";
		};
		9B4284C81979684C00CF2B8D /* InfoPlist.strings */ = {
			isa = PBXVariantGroup;
			children = (
				9B4284C91979684C00CF2B8D /* en */,
			);
			name = InfoPlist.strings;
			sourceTree = "<group>";
		};
		A5A7A259197A7B99002C0A60 /* Main.storyboard */ = {
			isa = PBXVariantGroup;
			children = (
				A5A7A25A197A7B99002C0A60 /* Base */,
			);
			name = Main.storyboard;
			sourceTree = "<group>";
		};
/* End PBXVariantGroup section */

/* Begin XCBuildConfiguration section */
		9B4284CD1979684D00CF2B8D /* Debug */ = {
			isa = XCBuildConfiguration;
			buildSettings = {
				ALWAYS_SEARCH_USER_PATHS = NO;
				CLANG_CXX_LANGUAGE_STANDARD = "gnu++0x";
				CLANG_CXX_LIBRARY = "libc++";
				CLANG_ENABLE_MODULES = YES;
				CLANG_ENABLE_OBJC_ARC = YES;
				CLANG_WARN_BOOL_CONVERSION = YES;
				CLANG_WARN_CONSTANT_CONVERSION = YES;
				CLANG_WARN_DIRECT_OBJC_ISA_USAGE = YES_ERROR;
				CLANG_WARN_EMPTY_BODY = YES;
				CLANG_WARN_ENUM_CONVERSION = YES;
				CLANG_WARN_INT_CONVERSION = YES;
				CLANG_WARN_OBJC_ROOT_CLASS = YES_ERROR;
				CLANG_WARN__DUPLICATE_METHOD_MATCH = YES;
				COPY_PHASE_STRIP = NO;
				GCC_C_LANGUAGE_STANDARD = gnu99;
				GCC_DYNAMIC_NO_PIC = NO;
				GCC_ENABLE_OBJC_EXCEPTIONS = YES;
				GCC_OPTIMIZATION_LEVEL = 0;
				GCC_PREPROCESSOR_DEFINITIONS = (
					"DEBUG=1",
					"$(inherited)",
				);
				GCC_SYMBOLS_PRIVATE_EXTERN = NO;
				GCC_WARN_64_TO_32_BIT_CONVERSION = YES;
				GCC_WARN_ABOUT_RETURN_TYPE = YES_ERROR;
				GCC_WARN_UNDECLARED_SELECTOR = YES;
				GCC_WARN_UNINITIALIZED_AUTOS = YES_AGGRESSIVE;
				GCC_WARN_UNUSED_FUNCTION = YES;
				GCC_WARN_UNUSED_VARIABLE = YES;
				MACOSX_DEPLOYMENT_TARGET = 10.9;
				ONLY_ACTIVE_ARCH = YES;
				SDKROOT = macosx;
			};
			name = Debug;
		};
		9B4284CE1979684D00CF2B8D /* Release */ = {
			isa = XCBuildConfiguration;
			buildSettings = {
				ALWAYS_SEARCH_USER_PATHS = NO;
				CLANG_CXX_LANGUAGE_STANDARD = "gnu++0x";
				CLANG_CXX_LIBRARY = "libc++";
				CLANG_ENABLE_MODULES = YES;
				CLANG_ENABLE_OBJC_ARC = YES;
				CLANG_WARN_BOOL_CONVERSION = YES;
				CLANG_WARN_CONSTANT_CONVERSION = YES;
				CLANG_WARN_DIRECT_OBJC_ISA_USAGE = YES_ERROR;
				CLANG_WARN_EMPTY_BODY = YES;
				CLANG_WARN_ENUM_CONVERSION = YES;
				CLANG_WARN_INT_CONVERSION = YES;
				CLANG_WARN_OBJC_ROOT_CLASS = YES_ERROR;
				CLANG_WARN__DUPLICATE_METHOD_MATCH = YES;
				COPY_PHASE_STRIP = YES;
				DEBUG_INFORMATION_FORMAT = "dwarf-with-dsym";
				ENABLE_NS_ASSERTIONS = NO;
				GCC_C_LANGUAGE_STANDARD = gnu99;
				GCC_ENABLE_OBJC_EXCEPTIONS = YES;
				GCC_WARN_64_TO_32_BIT_CONVERSION = YES;
				GCC_WARN_ABOUT_RETURN_TYPE = YES_ERROR;
				GCC_WARN_UNDECLARED_SELECTOR = YES;
				GCC_WARN_UNINITIALIZED_AUTOS = YES_AGGRESSIVE;
				GCC_WARN_UNUSED_FUNCTION = YES;
				GCC_WARN_UNUSED_VARIABLE = YES;
				MACOSX_DEPLOYMENT_TARGET = 10.9;
				SDKROOT = macosx;
			};
			name = Release;
		};
		9B4284D01979684D00CF2B8D /* Debug */ = {
			isa = XCBuildConfiguration;
			buildSettings = {
				ASSETCATALOG_COMPILER_APPICON_NAME = AppIcon;
				COMBINE_HIDPI_IMAGES = YES;
				GCC_PRECOMPILE_PREFIX_HEADER = YES;
				GCC_PREFIX_HEADER = "ElectricFussball/ElectricFussball-Prefix.pch";
				INFOPLIST_FILE = "ElectricFussball/ElectricFussball-Info.plist";
				PRODUCT_NAME = "$(TARGET_NAME)";
				WRAPPER_EXTENSION = app;
			};
			name = Debug;
		};
		9B4284D11979684D00CF2B8D /* Release */ = {
			isa = XCBuildConfiguration;
			buildSettings = {
				ASSETCATALOG_COMPILER_APPICON_NAME = AppIcon;
				COMBINE_HIDPI_IMAGES = YES;
				GCC_PRECOMPILE_PREFIX_HEADER = YES;
				GCC_PREFIX_HEADER = "ElectricFussball/ElectricFussball-Prefix.pch";
				INFOPLIST_FILE = "ElectricFussball/ElectricFussball-Info.plist";
				PRODUCT_NAME = "$(TARGET_NAME)";
				WRAPPER_EXTENSION = app;
			};
			name = Release;
		};
		9B4284D31979684D00CF2B8D /* Debug */ = {
			isa = XCBuildConfiguration;
			buildSettings = {
				BUNDLE_LOADER = "$(BUILT_PRODUCTS_DIR)/ElectricFussball.app/Contents/MacOS/ElectricFussball";
				COMBINE_HIDPI_IMAGES = YES;
				FRAMEWORK_SEARCH_PATHS = (
					"$(DEVELOPER_FRAMEWORKS_DIR)",
					"$(inherited)",
				);
				GCC_PRECOMPILE_PREFIX_HEADER = YES;
				GCC_PREFIX_HEADER = "ElectricFussball/ElectricFussball-Prefix.pch";
				GCC_PREPROCESSOR_DEFINITIONS = (
					"DEBUG=1",
					"$(inherited)",
				);
				INFOPLIST_FILE = "ElectricFussballTests/ElectricFussballTests-Info.plist";
				PRODUCT_NAME = "$(TARGET_NAME)";
				TEST_HOST = "$(BUNDLE_LOADER)";
				WRAPPER_EXTENSION = xctest;
			};
			name = Debug;
		};
		9B4284D41979684D00CF2B8D /* Release */ = {
			isa = XCBuildConfiguration;
			buildSettings = {
				BUNDLE_LOADER = "$(BUILT_PRODUCTS_DIR)/ElectricFussball.app/Contents/MacOS/ElectricFussball";
				COMBINE_HIDPI_IMAGES = YES;
				FRAMEWORK_SEARCH_PATHS = (
					"$(DEVELOPER_FRAMEWORKS_DIR)",
					"$(inherited)",
				);
				GCC_PRECOMPILE_PREFIX_HEADER = YES;
				GCC_PREFIX_HEADER = "ElectricFussball/ElectricFussball-Prefix.pch";
				INFOPLIST_FILE = "ElectricFussballTests/ElectricFussballTests-Info.plist";
				PRODUCT_NAME = "$(TARGET_NAME)";
				TEST_HOST = "$(BUNDLE_LOADER)";
				WRAPPER_EXTENSION = xctest;
			};
			name = Release;
		};
		A5A7A26B197A7B99002C0A60 /* Debug */ = {
			isa = XCBuildConfiguration;
			buildSettings = {
				ASSETCATALOG_COMPILER_APPICON_NAME = AppIcon;
				ASSETCATALOG_COMPILER_LAUNCHIMAGE_NAME = LaunchImage;
				CLANG_WARN_UNREACHABLE_CODE = YES;
				"CODE_SIGN_IDENTITY[sdk=iphoneos*]" = "iPhone Developer";
				ENABLE_STRICT_OBJC_MSGSEND = YES;
				GCC_PREPROCESSOR_DEFINITIONS = (
					"DEBUG=1",
					"$(inherited)",
				);
				INFOPLIST_FILE = ElectricFussballApp/Info.plist;
				IPHONEOS_DEPLOYMENT_TARGET = 7.1;
				LD_RUNPATH_SEARCH_PATHS = "$(inherited) @executable_path/Frameworks";
				MTL_ENABLE_DEBUG_INFO = YES;
				PRODUCT_NAME = "$(TARGET_NAME)";
				SDKROOT = iphoneos;
				TARGETED_DEVICE_FAMILY = "1,2";
			};
			name = Debug;
		};
		A5A7A26C197A7B99002C0A60 /* Release */ = {
			isa = XCBuildConfiguration;
			buildSettings = {
				ASSETCATALOG_COMPILER_APPICON_NAME = AppIcon;
				ASSETCATALOG_COMPILER_LAUNCHIMAGE_NAME = LaunchImage;
				CLANG_WARN_UNREACHABLE_CODE = YES;
				"CODE_SIGN_IDENTITY[sdk=iphoneos*]" = "iPhone Developer";
				ENABLE_STRICT_OBJC_MSGSEND = YES;
				INFOPLIST_FILE = ElectricFussballApp/Info.plist;
				IPHONEOS_DEPLOYMENT_TARGET = 7.1;
				LD_RUNPATH_SEARCH_PATHS = "$(inherited) @executable_path/Frameworks";
				MTL_ENABLE_DEBUG_INFO = NO;
				PRODUCT_NAME = "$(TARGET_NAME)";
				SDKROOT = iphoneos;
				TARGETED_DEVICE_FAMILY = "1,2";
				VALIDATE_PRODUCT = YES;
			};
			name = Release;
		};
		A5A7A26E197A7B99002C0A60 /* Debug */ = {
			isa = XCBuildConfiguration;
			buildSettings = {
				BUNDLE_LOADER = "$(BUILT_PRODUCTS_DIR)/ElectricFussballApp.app/ElectricFussballApp";
				CLANG_WARN_UNREACHABLE_CODE = YES;
				ENABLE_STRICT_OBJC_MSGSEND = YES;
				FRAMEWORK_SEARCH_PATHS = (
					"$(SDKROOT)/Developer/Library/Frameworks",
					"$(inherited)",
				);
				GCC_PREPROCESSOR_DEFINITIONS = (
					"DEBUG=1",
					"$(inherited)",
				);
				INFOPLIST_FILE = ElectricFussballAppTests/Info.plist;
				IPHONEOS_DEPLOYMENT_TARGET = 7.1;
				LD_RUNPATH_SEARCH_PATHS = "$(inherited) @executable_path/Frameworks @loader_path/Frameworks";
				MTL_ENABLE_DEBUG_INFO = YES;
				PRODUCT_NAME = "$(TARGET_NAME)";
				SDKROOT = iphoneos;
				TEST_HOST = "$(BUNDLE_LOADER)";
			};
			name = Debug;
		};
		A5A7A26F197A7B99002C0A60 /* Release */ = {
			isa = XCBuildConfiguration;
			buildSettings = {
				BUNDLE_LOADER = "$(BUILT_PRODUCTS_DIR)/ElectricFussballApp.app/ElectricFussballApp";
				CLANG_WARN_UNREACHABLE_CODE = YES;
				ENABLE_STRICT_OBJC_MSGSEND = YES;
				FRAMEWORK_SEARCH_PATHS = (
					"$(SDKROOT)/Developer/Library/Frameworks",
					"$(inherited)",
				);
				INFOPLIST_FILE = ElectricFussballAppTests/Info.plist;
				IPHONEOS_DEPLOYMENT_TARGET = 7.1;
				LD_RUNPATH_SEARCH_PATHS = "$(inherited) @executable_path/Frameworks @loader_path/Frameworks";
				MTL_ENABLE_DEBUG_INFO = NO;
				PRODUCT_NAME = "$(TARGET_NAME)";
				SDKROOT = iphoneos;
				TEST_HOST = "$(BUNDLE_LOADER)";
				VALIDATE_PRODUCT = YES;
			};
			name = Release;
		};
/* End XCBuildConfiguration section */

/* Begin XCConfigurationList section */
		9B4284991979684C00CF2B8D /* Build configuration list for PBXProject "ElectricFussball" */ = {
			isa = XCConfigurationList;
			buildConfigurations = (
				9B4284CD1979684D00CF2B8D /* Debug */,
				9B4284CE1979684D00CF2B8D /* Release */,
			);
			defaultConfigurationIsVisible = 0;
			defaultConfigurationName = Release;
		};
		9B4284CF1979684D00CF2B8D /* Build configuration list for PBXNativeTarget "ElectricFussball" */ = {
			isa = XCConfigurationList;
			buildConfigurations = (
				9B4284D01979684D00CF2B8D /* Debug */,
				9B4284D11979684D00CF2B8D /* Release */,
			);
			defaultConfigurationIsVisible = 0;
			defaultConfigurationName = Release;
		};
		9B4284D21979684D00CF2B8D /* Build configuration list for PBXNativeTarget "ElectricFussballTests" */ = {
			isa = XCConfigurationList;
			buildConfigurations = (
				9B4284D31979684D00CF2B8D /* Debug */,
				9B4284D41979684D00CF2B8D /* Release */,
			);
			defaultConfigurationIsVisible = 0;
			defaultConfigurationName = Release;
		};
		A5A7A26A197A7B99002C0A60 /* Build configuration list for PBXNativeTarget "ElectricFussballApp" */ = {
			isa = XCConfigurationList;
			buildConfigurations = (
				A5A7A26B197A7B99002C0A60 /* Debug */,
				A5A7A26C197A7B99002C0A60 /* Release */,
			);
			defaultConfigurationIsVisible = 0;
			defaultConfigurationName = Release;
		};
		A5A7A26D197A7B99002C0A60 /* Build configuration list for PBXNativeTarget "ElectricFussballAppTests" */ = {
			isa = XCConfigurationList;
			buildConfigurations = (
				A5A7A26E197A7B99002C0A60 /* Debug */,
				A5A7A26F197A7B99002C0A60 /* Release */,
			);
			defaultConfigurationIsVisible = 0;
			defaultConfigurationName = Release;
		};
/* End XCConfigurationList section */
	};
	rootObject = 9B4284961979684C00CF2B8D /* Project object */;
}
